
Microsoft Visual Studio Solution File, Format Version 12.00
# Visual Studio Version 17
VisualStudioVersion = 17.7.34031.279
MinimumVisualStudioVersion = 10.0.40219.1
Project("{2150E333-8FDC-42A3-9474-1A3956D46DE8}") = "Task0", "Task0", "{E4F92299-CCED-4591-BB41-1BD83ADE5A86}"
EndProject
Project("{2150E333-8FDC-42A3-9474-1A3956D46DE8}") = "Task1", "Task1", "{8A02C3CC-78A7-4EAE-B2B9-6D2B344E695D}"
EndProject
Project("{2150E333-8FDC-42A3-9474-1A3956D46DE8}") = "Task2", "Task2", "{E11720CF-9E15-442F-B139-7CEF82C186D4}"
EndProject
Project("{FAE04EC0-301F-11D3-BF4B-00C04F79EFBC}") = "Tyuiu.ZairovAR.Sprint1.Task2.V7.Lib", "Tyuiu.ZairovAR.Sprint1.Task2.V7.Lib\Tyuiu.ZairovAR.Sprint1.Task2.V7.Lib.csproj", "{6355D240-8279-4210-8295-79BADB9DB24E}"
EndProject
Project("{FAE04EC0-301F-11D3-BF4B-00C04F79EFBC}") = "Tyuiu.ZairovAR.Sprint1.Task2.V7.Test", "Tyuiu.ZairovAR.Sprint1.Task2.V7.Test\Tyuiu.ZairovAR.Sprint1.Task2.V7.Test.csproj", "{90DB5E3B-195D-41C2-853F-D1E205D851FB}"
EndProject
Project("{FAE04EC0-301F-11D3-BF4B-00C04F79EFBC}") = "Tyuiu.ZairovAR.Sprint1.Task2.V7", "Tyuiu.ZairovAR.Sprint1.Task2.V7\Tyuiu.ZairovAR.Sprint1.Task2.V7.csproj", "{12043B31-821C-4C5B-B525-4339FD2646FF}"
EndProject
Project("{FAE04EC0-301F-11D3-BF4B-00C04F79EFBC}") = "Tyuiu.ZairovAR.Sprint1.Task1.V9", "Tyuiu.ZairovAR.Sprint1.Task1.V9\Tyuiu.ZairovAR.Sprint1.Task1.V9.csproj", "{70BD49CB-4AF1-4BC5-B72C-FB9447E35BB3}"
EndProject
Project("{FAE04EC0-301F-11D3-BF4B-00C04F79EFBC}") = "Tyuiu.ZairovAR.Sprint1.Task1.V9.Lib", "Tyuiu.ZairovAR.Sprint1.Task1.V9.Lib\Tyuiu.ZairovAR.Sprint1.Task1.V9.Lib.csproj", "{A01B7D2C-173E-4F58-A8A1-CF297537BC55}"
EndProject
Project("{FAE04EC0-301F-11D3-BF4B-00C04F79EFBC}") = "Tyuiu.ZairovAR.Sprint1.Task1.V9.Test", "Tyuiu.ZairovAR.Sprint1.Task1.V9.Test\Tyuiu.ZairovAR.Sprint1.Task1.V9.Test.csproj", "{6D55EE0D-0B18-4EF6-A2BA-117AAD11F935}"
EndProject
Project("{FAE04EC0-301F-11D3-BF4B-00C04F79EFBC}") = "Tyuiu.ZairovAR.Sprint1.Task0.V26.Test", "Tyuiu.ZairovAR.Sprint1.Task0.V26.Test\Tyuiu.ZairovAR.Sprint1.Task0.V26.Test.csproj", "{EBE91F04-3588-476E-A4CF-CF3047DEB2B5}"
EndProject
Project("{FAE04EC0-301F-11D3-BF4B-00C04F79EFBC}") = "Tyuiu.ZairovAR.Sprint1.Task0.V26.Lib", "Tyuiu.ZairovAR.Sprint1.Task0.V26.Lib\Tyuiu.ZairovAR.Sprint1.Task0.V26.Lib.csproj", "{237A1984-93CB-4AC6-AA19-224ED1405500}"
EndProject
Project("{FAE04EC0-301F-11D3-BF4B-00C04F79EFBC}") = "Tyuiu.ZairovAR.Sprint1.Task0.V26", "Tyuiu.ZairovAR.Sprint1.Task0.V26\Tyuiu.ZairovAR.Sprint1.Task0.V26.csproj", "{AC320204-4FE8-4A05-9BAF-ED96F2D6B8AD}"
EndProject
Project("{2150E333-8FDC-42A3-9474-1A3956D46DE8}") = "Task3", "Task3", "{FEBF28F1-2B6F-4284-8CF0-8B43DA5299A4}"
EndProject
Project("{FAE04EC0-301F-11D3-BF4B-00C04F79EFBC}") = "Tyuiu.ZairovAR.Sprint1.Task3.V4", "Tyuiu.ZairovAR.Sprint1.Task3.V4\Tyuiu.ZairovAR.Sprint1.Task3.V4.csproj", "{EEFABD55-B17E-4C79-92C6-D132374927D1}"
EndProject
Project("{FAE04EC0-301F-11D3-BF4B-00C04F79EFBC}") = "Tyuiu.ZairovAR.Sprint1.Task3.V4.Lib", "Tyuiu.ZairovAR.Sprint1.Task3.V4.Lib\Tyuiu.ZairovAR.Sprint1.Task3.V4.Lib.csproj", "{4ECCC4E7-E442-423B-A1B9-6850B8D35587}"
EndProject
Project("{FAE04EC0-301F-11D3-BF4B-00C04F79EFBC}") = "Tyuiu.ZairovAR.Sprint1.Task3.V4.Test", "Tyuiu.ZairovAR.Sprint1.Task3.V4.Test\Tyuiu.ZairovAR.Sprint1.Task3.V4.Test.csproj", "{573282CA-888D-474E-B26D-97882E1F55A8}"
EndProject
Project("{2150E333-8FDC-42A3-9474-1A3956D46DE8}") = "Task4", "Task4", "{5133C920-9674-4422-809F-67DFA8286C07}"
EndProject
Project("{FAE04EC0-301F-11D3-BF4B-00C04F79EFBC}") = "Tyuiu.ZairovAR.Sprint1.Task4.V21", "Tyuiu.ZairovAR.Sprint1.Task4.V21\Tyuiu.ZairovAR.Sprint1.Task4.V21.csproj", "{45A7F7F5-699B-4CD4-B061-E63CD43808AA}"
EndProject
Project("{FAE04EC0-301F-11D3-BF4B-00C04F79EFBC}") = "Tyuiu.ZairovAR.Sprint1.Task4.V21.Lib", "Tyuiu.ZairovAR.Sprint1.Task4.V21.Lib\Tyuiu.ZairovAR.Sprint1.Task4.V21.Lib.csproj", "{32A0390C-B7B6-4402-86F1-D8789C59D935}"
EndProject
Project("{FAE04EC0-301F-11D3-BF4B-00C04F79EFBC}") = "Tyuiu.ZairovAR.Sprint1.Task4.V21.Test", "Tyuiu.ZairovAR.Sprint1.Task4.V21.Test\Tyuiu.ZairovAR.Sprint1.Task4.V21.Test.csproj", "{6487538D-8C68-44BB-9794-1E06D36869F0}"
EndProject
Global
	GlobalSection(SolutionConfigurationPlatforms) = preSolution
		Debug|Any CPU = Debug|Any CPU
		Release|Any CPU = Release|Any CPU
	EndGlobalSection
	GlobalSection(ProjectConfigurationPlatforms) = postSolution
		{6355D240-8279-4210-8295-79BADB9DB24E}.Debug|Any CPU.ActiveCfg = Debug|Any CPU
		{6355D240-8279-4210-8295-79BADB9DB24E}.Debug|Any CPU.Build.0 = Debug|Any CPU
		{6355D240-8279-4210-8295-79BADB9DB24E}.Release|Any CPU.ActiveCfg = Release|Any CPU
		{6355D240-8279-4210-8295-79BADB9DB24E}.Release|Any CPU.Build.0 = Release|Any CPU
		{90DB5E3B-195D-41C2-853F-D1E205D851FB}.Debug|Any CPU.ActiveCfg = Debug|Any CPU
		{90DB5E3B-195D-41C2-853F-D1E205D851FB}.Debug|Any CPU.Build.0 = Debug|Any CPU
		{90DB5E3B-195D-41C2-853F-D1E205D851FB}.Release|Any CPU.ActiveCfg = Release|Any CPU
		{90DB5E3B-195D-41C2-853F-D1E205D851FB}.Release|Any CPU.Build.0 = Release|Any CPU
		{12043B31-821C-4C5B-B525-4339FD2646FF}.Debug|Any CPU.ActiveCfg = Debug|Any CPU
		{12043B31-821C-4C5B-B525-4339FD2646FF}.Debug|Any CPU.Build.0 = Debug|Any CPU
		{12043B31-821C-4C5B-B525-4339FD2646FF}.Release|Any CPU.ActiveCfg = Release|Any CPU
		{12043B31-821C-4C5B-B525-4339FD2646FF}.Release|Any CPU.Build.0 = Release|Any CPU
		{70BD49CB-4AF1-4BC5-B72C-FB9447E35BB3}.Debug|Any CPU.ActiveCfg = Debug|Any CPU
		{70BD49CB-4AF1-4BC5-B72C-FB9447E35BB3}.Debug|Any CPU.Build.0 = Debug|Any CPU
		{70BD49CB-4AF1-4BC5-B72C-FB9447E35BB3}.Release|Any CPU.ActiveCfg = Release|Any CPU
		{70BD49CB-4AF1-4BC5-B72C-FB9447E35BB3}.Release|Any CPU.Build.0 = Release|Any CPU
		{A01B7D2C-173E-4F58-A8A1-CF297537BC55}.Debug|Any CPU.ActiveCfg = Debug|Any CPU
		{A01B7D2C-173E-4F58-A8A1-CF297537BC55}.Debug|Any CPU.Build.0 = Debug|Any CPU
		{A01B7D2C-173E-4F58-A8A1-CF297537BC55}.Release|Any CPU.ActiveCfg = Release|Any CPU
		{A01B7D2C-173E-4F58-A8A1-CF297537BC55}.Release|Any CPU.Build.0 = Release|Any CPU
		{6D55EE0D-0B18-4EF6-A2BA-117AAD11F935}.Debug|Any CPU.ActiveCfg = Debug|Any CPU
		{6D55EE0D-0B18-4EF6-A2BA-117AAD11F935}.Debug|Any CPU.Build.0 = Debug|Any CPU
		{6D55EE0D-0B18-4EF6-A2BA-117AAD11F935}.Release|Any CPU.ActiveCfg = Release|Any CPU
		{6D55EE0D-0B18-4EF6-A2BA-117AAD11F935}.Release|Any CPU.Build.0 = Release|Any CPU
		{EBE91F04-3588-476E-A4CF-CF3047DEB2B5}.Debug|Any CPU.ActiveCfg = Debug|Any CPU
		{EBE91F04-3588-476E-A4CF-CF3047DEB2B5}.Debug|Any CPU.Build.0 = Debug|Any CPU
		{EBE91F04-3588-476E-A4CF-CF3047DEB2B5}.Release|Any CPU.ActiveCfg = Release|Any CPU
		{EBE91F04-3588-476E-A4CF-CF3047DEB2B5}.Release|Any CPU.Build.0 = Release|Any CPU
		{237A1984-93CB-4AC6-AA19-224ED1405500}.Debug|Any CPU.ActiveCfg = Debug|Any CPU
		{237A1984-93CB-4AC6-AA19-224ED1405500}.Debug|Any CPU.Build.0 = Debug|Any CPU
		{237A1984-93CB-4AC6-AA19-224ED1405500}.Release|Any CPU.ActiveCfg = Release|Any CPU
		{237A1984-93CB-4AC6-AA19-224ED1405500}.Release|Any CPU.Build.0 = Release|Any CPU
		{AC320204-4FE8-4A05-9BAF-ED96F2D6B8AD}.Debug|Any CPU.ActiveCfg = Debug|Any CPU
		{AC320204-4FE8-4A05-9BAF-ED96F2D6B8AD}.Debug|Any CPU.Build.0 = Debug|Any CPU
		{AC320204-4FE8-4A05-9BAF-ED96F2D6B8AD}.Release|Any CPU.ActiveCfg = Release|Any CPU
		{AC320204-4FE8-4A05-9BAF-ED96F2D6B8AD}.Release|Any CPU.Build.0 = Release|Any CPU
		{EEFABD55-B17E-4C79-92C6-D132374927D1}.Debug|Any CPU.ActiveCfg = Debug|Any CPU
		{EEFABD55-B17E-4C79-92C6-D132374927D1}.Debug|Any CPU.Build.0 = Debug|Any CPU
		{EEFABD55-B17E-4C79-92C6-D132374927D1}.Release|Any CPU.ActiveCfg = Release|Any CPU
		{EEFABD55-B17E-4C79-92C6-D132374927D1}.Release|Any CPU.Build.0 = Release|Any CPU
		{4ECCC4E7-E442-423B-A1B9-6850B8D35587}.Debug|Any CPU.ActiveCfg = Debug|Any CPU
		{4ECCC4E7-E442-423B-A1B9-6850B8D35587}.Debug|Any CPU.Build.0 = Debug|Any CPU
		{4ECCC4E7-E442-423B-A1B9-6850B8D35587}.Release|Any CPU.ActiveCfg = Release|Any CPU
		{4ECCC4E7-E442-423B-A1B9-6850B8D35587}.Release|Any CPU.Build.0 = Release|Any CPU
		{573282CA-888D-474E-B26D-97882E1F55A8}.Debug|Any CPU.ActiveCfg = Debug|Any CPU
		{573282CA-888D-474E-B26D-97882E1F55A8}.Debug|Any CPU.Build.0 = Debug|Any CPU
		{573282CA-888D-474E-B26D-97882E1F55A8}.Release|Any CPU.ActiveCfg = Release|Any CPU
		{573282CA-888D-474E-B26D-97882E1F55A8}.Release|Any CPU.Build.0 = Release|Any CPU
		{45A7F7F5-699B-4CD4-B061-E63CD43808AA}.Debug|Any CPU.ActiveCfg = Debug|Any CPU
		{45A7F7F5-699B-4CD4-B061-E63CD43808AA}.Debug|Any CPU.Build.0 = Debug|Any CPU
		{45A7F7F5-699B-4CD4-B061-E63CD43808AA}.Release|Any CPU.ActiveCfg = Release|Any CPU
		{45A7F7F5-699B-4CD4-B061-E63CD43808AA}.Release|Any CPU.Build.0 = Release|Any CPU
		{32A0390C-B7B6-4402-86F1-D8789C59D935}.Debug|Any CPU.ActiveCfg = Debug|Any CPU
		{32A0390C-B7B6-4402-86F1-D8789C59D935}.Debug|Any CPU.Build.0 = Debug|Any CPU
		{32A0390C-B7B6-4402-86F1-D8789C59D935}.Release|Any CPU.ActiveCfg = Release|Any CPU
		{32A0390C-B7B6-4402-86F1-D8789C59D935}.Release|Any CPU.Build.0 = Release|Any CPU
		{6487538D-8C68-44BB-9794-1E06D36869F0}.Debug|Any CPU.ActiveCfg = Debug|Any CPU
		{6487538D-8C68-44BB-9794-1E06D36869F0}.Debug|Any CPU.Build.0 = Debug|Any CPU
		{6487538D-8C68-44BB-9794-1E06D36869F0}.Release|Any CPU.ActiveCfg = Release|Any CPU
		{6487538D-8C68-44BB-9794-1E06D36869F0}.Release|Any CPU.Build.0 = Release|Any CPU
	EndGlobalSection
	GlobalSection(SolutionProperties) = preSolution
		HideSolutionNode = FALSE
	EndGlobalSection
	GlobalSection(NestedProjects) = preSolution
		{6355D240-8279-4210-8295-79BADB9DB24E} = {E11720CF-9E15-442F-B139-7CEF82C186D4}
		{90DB5E3B-195D-41C2-853F-D1E205D851FB} = {E11720CF-9E15-442F-B139-7CEF82C186D4}
		{12043B31-821C-4C5B-B525-4339FD2646FF} = {E11720CF-9E15-442F-B139-7CEF82C186D4}
		{70BD49CB-4AF1-4BC5-B72C-FB9447E35BB3} = {8A02C3CC-78A7-4EAE-B2B9-6D2B344E695D}
		{A01B7D2C-173E-4F58-A8A1-CF297537BC55} = {8A02C3CC-78A7-4EAE-B2B9-6D2B344E695D}
		{6D55EE0D-0B18-4EF6-A2BA-117AAD11F935} = {8A02C3CC-78A7-4EAE-B2B9-6D2B344E695D}
		{EBE91F04-3588-476E-A4CF-CF3047DEB2B5} = {E4F92299-CCED-4591-BB41-1BD83ADE5A86}
		{237A1984-93CB-4AC6-AA19-224ED1405500} = {E4F92299-CCED-4591-BB41-1BD83ADE5A86}
		{AC320204-4FE8-4A05-9BAF-ED96F2D6B8AD} = {E4F92299-CCED-4591-BB41-1BD83ADE5A86}
		{EEFABD55-B17E-4C79-92C6-D132374927D1} = {FEBF28F1-2B6F-4284-8CF0-8B43DA5299A4}
		{4ECCC4E7-E442-423B-A1B9-6850B8D35587} = {FEBF28F1-2B6F-4284-8CF0-8B43DA5299A4}
		{573282CA-888D-474E-B26D-97882E1F55A8} = {FEBF28F1-2B6F-4284-8CF0-8B43DA5299A4}
		{45A7F7F5-699B-4CD4-B061-E63CD43808AA} = {5133C920-9674-4422-809F-67DFA8286C07}
		{32A0390C-B7B6-4402-86F1-D8789C59D935} = {5133C920-9674-4422-809F-67DFA8286C07}
		{6487538D-8C68-44BB-9794-1E06D36869F0} = {5133C920-9674-4422-809F-67DFA8286C07}
	EndGlobalSection
	GlobalSection(ExtensibilityGlobals) = postSolution
		SolutionGuid = {211C7DAB-D501-4C3D-AE04-C682640669B3}
	EndGlobalSection
EndGlobal
