
Microsoft Visual Studio Solution File, Format Version 12.00
# Visual Studio Version 17
VisualStudioVersion = 17.7.34031.279
MinimumVisualStudioVersion = 10.0.40219.1
Project("{2150E333-8FDC-42A3-9474-1A3956D46DE8}") = "Task0", "Task0", "{E4F92299-CCED-4591-BB41-1BD83ADE5A86}"
EndProject
Project("{FAE04EC0-301F-11D3-BF4B-00C04F79EFBC}") = "Tyuiu.ZairovAR.Sprint1.Task0.V0", "Tyuiu.ZairovAR.Sprint1.Task0.V0\Tyuiu.ZairovAR.Sprint1.Task0.V0.csproj", "{AC320204-4FE8-4A05-9BAF-ED96F2D6B8AD}"
EndProject
Project("{FAE04EC0-301F-11D3-BF4B-00C04F79EFBC}") = "Tyuiu.ZairovAR.Sprint1.Task0.V0.Lib", "Tyuiu.ZairovAR.Sprint1.Task0.V0.Lib\Tyuiu.ZairovAR.Sprint1.Task0.V0.Lib.csproj", "{237A1984-93CB-4AC6-AA19-224ED1405500}"
EndProject
Project("{FAE04EC0-301F-11D3-BF4B-00C04F79EFBC}") = "Tyuiu.ZairovAR.Sprint1.Task0.V0.Test", "Tyuiu.ZairovAR.Sprint1.Task0.V0.Test\Tyuiu.ZairovAR.Sprint1.Task0.V0.Test.csproj", "{EBE91F04-3588-476E-A4CF-CF3047DEB2B5}"
EndProject
Project("{2150E333-8FDC-42A3-9474-1A3956D46DE8}") = "Task1", "Task1", "{8A02C3CC-78A7-4EAE-B2B9-6D2B344E695D}"
EndProject
Project("{FAE04EC0-301F-11D3-BF4B-00C04F79EFBC}") = "Tyuiu.ZairovAR.Sprint1.Task1.V0", "Tyuiu.ZairovAR.Sprint1.Task1.V0\Tyuiu.ZairovAR.Sprint1.Task1.V0.csproj", "{70BD49CB-4AF1-4BC5-B72C-FB9447E35BB3}"
EndProject
Project("{FAE04EC0-301F-11D3-BF4B-00C04F79EFBC}") = "Tyuiu.ZairovAR.Sprint1.Task1.V0.Lib", "Tyuiu.ZairovAR.Sprint1.Task1.V0.Lib\Tyuiu.ZairovAR.Sprint1.Task1.V0.Lib.csproj", "{A01B7D2C-173E-4F58-A8A1-CF297537BC55}"
EndProject
Project("{FAE04EC0-301F-11D3-BF4B-00C04F79EFBC}") = "Tyuiu.ZairovAR.Sprint1.Task1.V0.Test", "Tyuiu.ZairovAR.Sprint1.Task1.V0.Test\Tyuiu.ZairovAR.Sprint1.Task1.V0.Test.csproj", "{6D55EE0D-0B18-4EF6-A2BA-117AAD11F935}"
EndProject
Global
	GlobalSection(SolutionConfigurationPlatforms) = preSolution
		Debug|Any CPU = Debug|Any CPU
		Release|Any CPU = Release|Any CPU
	EndGlobalSection
	GlobalSection(ProjectConfigurationPlatforms) = postSolution
		{AC320204-4FE8-4A05-9BAF-ED96F2D6B8AD}.Debug|Any CPU.ActiveCfg = Debug|Any CPU
		{AC320204-4FE8-4A05-9BAF-ED96F2D6B8AD}.Debug|Any CPU.Build.0 = Debug|Any CPU
		{AC320204-4FE8-4A05-9BAF-ED96F2D6B8AD}.Release|Any CPU.ActiveCfg = Release|Any CPU
		{AC320204-4FE8-4A05-9BAF-ED96F2D6B8AD}.Release|Any CPU.Build.0 = Release|Any CPU
		{237A1984-93CB-4AC6-AA19-224ED1405500}.Debug|Any CPU.ActiveCfg = Debug|Any CPU
		{237A1984-93CB-4AC6-AA19-224ED1405500}.Debug|Any CPU.Build.0 = Debug|Any CPU
		{237A1984-93CB-4AC6-AA19-224ED1405500}.Release|Any CPU.ActiveCfg = Release|Any CPU
		{237A1984-93CB-4AC6-AA19-224ED1405500}.Release|Any CPU.Build.0 = Release|Any CPU
		{EBE91F04-3588-476E-A4CF-CF3047DEB2B5}.Debug|Any CPU.ActiveCfg = Debug|Any CPU
		{EBE91F04-3588-476E-A4CF-CF3047DEB2B5}.Debug|Any CPU.Build.0 = Debug|Any CPU
		{EBE91F04-3588-476E-A4CF-CF3047DEB2B5}.Release|Any CPU.ActiveCfg = Release|Any CPU
		{EBE91F04-3588-476E-A4CF-CF3047DEB2B5}.Release|Any CPU.Build.0 = Release|Any CPU
		{70BD49CB-4AF1-4BC5-B72C-FB9447E35BB3}.Debug|Any CPU.ActiveCfg = Debug|Any CPU
		{70BD49CB-4AF1-4BC5-B72C-FB9447E35BB3}.Debug|Any CPU.Build.0 = Debug|Any CPU
		{70BD49CB-4AF1-4BC5-B72C-FB9447E35BB3}.Release|Any CPU.ActiveCfg = Release|Any CPU
		{70BD49CB-4AF1-4BC5-B72C-FB9447E35BB3}.Release|Any CPU.Build.0 = Release|Any CPU
		{A01B7D2C-173E-4F58-A8A1-CF297537BC55}.Debug|Any CPU.ActiveCfg = Debug|Any CPU
		{A01B7D2C-173E-4F58-A8A1-CF297537BC55}.Debug|Any CPU.Build.0 = Debug|Any CPU
		{A01B7D2C-173E-4F58-A8A1-CF297537BC55}.Release|Any CPU.ActiveCfg = Release|Any CPU
		{A01B7D2C-173E-4F58-A8A1-CF297537BC55}.Release|Any CPU.Build.0 = Release|Any CPU
		{6D55EE0D-0B18-4EF6-A2BA-117AAD11F935}.Debug|Any CPU.ActiveCfg = Debug|Any CPU
		{6D55EE0D-0B18-4EF6-A2BA-117AAD11F935}.Debug|Any CPU.Build.0 = Debug|Any CPU
		{6D55EE0D-0B18-4EF6-A2BA-117AAD11F935}.Release|Any CPU.ActiveCfg = Release|Any CPU
		{6D55EE0D-0B18-4EF6-A2BA-117AAD11F935}.Release|Any CPU.Build.0 = Release|Any CPU
	EndGlobalSection
	GlobalSection(SolutionProperties) = preSolution
		HideSolutionNode = FALSE
	EndGlobalSection
	GlobalSection(NestedProjects) = preSolution
		{AC320204-4FE8-4A05-9BAF-ED96F2D6B8AD} = {E4F92299-CCED-4591-BB41-1BD83ADE5A86}
		{237A1984-93CB-4AC6-AA19-224ED1405500} = {E4F92299-CCED-4591-BB41-1BD83ADE5A86}
		{EBE91F04-3588-476E-A4CF-CF3047DEB2B5} = {E4F92299-CCED-4591-BB41-1BD83ADE5A86}
		{70BD49CB-4AF1-4BC5-B72C-FB9447E35BB3} = {8A02C3CC-78A7-4EAE-B2B9-6D2B344E695D}
		{A01B7D2C-173E-4F58-A8A1-CF297537BC55} = {8A02C3CC-78A7-4EAE-B2B9-6D2B344E695D}
		{6D55EE0D-0B18-4EF6-A2BA-117AAD11F935} = {8A02C3CC-78A7-4EAE-B2B9-6D2B344E695D}
	EndGlobalSection
	GlobalSection(ExtensibilityGlobals) = postSolution
		SolutionGuid = {211C7DAB-D501-4C3D-AE04-C682640669B3}
	EndGlobalSection
EndGlobal
